# -------------------------------------------------------------------------- #
#
# Copyright (C) 2025  Altera Corporation. All rights reserved.
# Your use of Altera Corporation's design tools, logic functions 
# and other software and tools, and any partner logic 
# functions, and any output files from any of the foregoing 
# (including device programming or simulation files), and any 
# associated documentation or information are expressly subject 
# to the terms and conditions of the Altera Program License 
# Subscription Agreement, the Altera Quartus Prime License Agreement,
# the Altera IP License Agreement, or other applicable license
# agreement, including, without limitation, that your use is for
# the sole purpose of programming logic devices manufactured by
# Altera and sold by Altera or its authorized distributors.  Please
# refer to the Altera Software License Subscription Agreements 
# on the Quartus Prime software download page.
#
# -------------------------------------------------------------------------- #
#
# Quartus Prime
# Version 24.1std.0 Build 1077 03/04/2025 SC Lite Edition
# Date created = 03:58:34  November 30, 2025
#
# -------------------------------------------------------------------------- #
#
# Notes:
#
# 1) The default values for assignments are stored in the file:
#		ic74HC595_assignment_defaults.qdf
#    If this file doesn't exist, see file:
#		assignment_defaults.qdf
#
# 2) Intel recommends that you do not modify this file. This
#    file is updated automatically by the Quartus Prime software
#    and any changes you make may be lost or overwritten.
#
# -------------------------------------------------------------------------- #


set_global_assignment -name FAMILY "MAX 10"
set_global_assignment -name DEVICE 10M02SCM153C8G
set_global_assignment -name TOP_LEVEL_ENTITY ic74HC595
set_global_assignment -name ORIGINAL_QUARTUS_VERSION 24.1STD.0
set_global_assignment -name PROJECT_CREATION_TIME_DATE "03:58:34  NOVEMBER 30, 2025"
set_global_assignment -name LAST_QUARTUS_VERSION "24.1std.0 Lite Edition"
set_global_assignment -name PROJECT_OUTPUT_DIRECTORY output_files
set_global_assignment -name MIN_CORE_JUNCTION_TEMP 0
set_global_assignment -name MAX_CORE_JUNCTION_TEMP 85
set_global_assignment -name DEVICE_FILTER_PIN_COUNT 153
set_global_assignment -name ERROR_CHECK_FREQUENCY_DIVISOR 256
set_global_assignment -name EDA_SIMULATION_TOOL "Questa Intel FPGA (Verilog)"
set_global_assignment -name EDA_TIME_SCALE "1 ps" -section_id eda_simulation
set_global_assignment -name EDA_OUTPUT_DATA_FORMAT "VERILOG HDL" -section_id eda_simulation
set_global_assignment -name EDA_GENERATE_FUNCTIONAL_NETLIST OFF -section_id eda_board_design_timing
set_global_assignment -name EDA_GENERATE_FUNCTIONAL_NETLIST OFF -section_id eda_board_design_symbol
set_global_assignment -name EDA_GENERATE_FUNCTIONAL_NETLIST OFF -section_id eda_board_design_signal_integrity
set_global_assignment -name EDA_GENERATE_FUNCTIONAL_NETLIST OFF -section_id eda_board_design_boundary_scan
set_global_assignment -name VERILOG_FILE ic74HC595.v
set_global_assignment -name PARTITION_NETLIST_TYPE SOURCE -section_id Top
set_global_assignment -name PARTITION_FITTER_PRESERVATION_LEVEL PLACEMENT_AND_ROUTING -section_id Top
set_global_assignment -name PARTITION_COLOR 16764057 -section_id Top
set_location_assignment PIN_J9 -to catch
set_location_assignment PIN_J5 -to clk
set_location_assignment PIN_J12 -to data
set_location_assignment PIN_K11 -to led[7]
set_location_assignment PIN_L11 -to led[6]
set_location_assignment PIN_K12 -to led[5]
set_location_assignment PIN_L15 -to led[4]
set_location_assignment PIN_M12 -to led[3]
set_location_assignment PIN_M14 -to led[2]
set_location_assignment PIN_N14 -to led[1]
set_location_assignment PIN_N15 -to led[0]
set_location_assignment PIN_C14 -to ledg
set_location_assignment PIN_A3 -to seg0[0]
set_location_assignment PIN_A2 -to seg0[1]
set_location_assignment PIN_P2 -to seg0[2]
set_location_assignment PIN_P1 -to seg0[3]
set_location_assignment PIN_N1 -to seg0[4]
set_location_assignment PIN_C1 -to seg0[5]
set_location_assignment PIN_C2 -to seg0[6]
set_location_assignment PIN_B1 -to seg0[7]
set_location_assignment PIN_E1 -to seg1[0]
set_location_assignment PIN_D2 -to seg1[1]
set_location_assignment PIN_K2 -to seg1[2]
set_location_assignment PIN_J2 -to seg1[3]
set_location_assignment PIN_G2 -to seg1[4]
set_location_assignment PIN_F5 -to seg1[5]
set_location_assignment PIN_G5 -to seg1[6]
set_location_assignment PIN_E2 -to seg1[7]
set_instance_assignment -name PARTITION_HIERARCHY root_partition -to | -section_id Top